
Microsoft Visual Studio Solution File, Format Version 12.00
# Visual Studio Version 16
VisualStudioVersion = 16.0.31410.357
MinimumVisualStudioVersion = 10.0.40219.1
Project("{9A19103F-16F7-4668-BE54-9A1E7A4F7556}") = "pccr.Api", "pccr.Api\pccr.Api.csproj", "{CD904B33-BB5E-45A4-9821-D5D3A0AA10ED}"
EndProject
Project("{9A19103F-16F7-4668-BE54-9A1E7A4F7556}") = "pccr.Domain", "pccr.Domain\pccr.Domain.csproj", "{034D25AE-4E57-4E7B-A207-B4B91BA3E932}"
EndProject
Project("{2150E333-8FDC-42A3-9474-1A3956D46DE8}") = "pccr.Test", "pccr.Test", "{AC485C9A-94FD-4EA9-96CF-ABAA642A8C54}"
EndProject
Project("{FAE04EC0-301F-11D3-BF4B-00C04F79EFBC}") = "pccr.Api.UnitTests", "pccr.Api.UnitTests\pccr.Api.UnitTests.csproj", "{C19E36AD-DEA2-4074-9262-DF3AFE5A634E}"
EndProject
Global
	GlobalSection(SolutionConfigurationPlatforms) = preSolution
		Debug|Any CPU = Debug|Any CPU
		Release|Any CPU = Release|Any CPU
	EndGlobalSection
	GlobalSection(ProjectConfigurationPlatforms) = postSolution
		{CD904B33-BB5E-45A4-9821-D5D3A0AA10ED}.Debug|Any CPU.ActiveCfg = Debug|Any CPU
		{CD904B33-BB5E-45A4-9821-D5D3A0AA10ED}.Debug|Any CPU.Build.0 = Debug|Any CPU
		{CD904B33-BB5E-45A4-9821-D5D3A0AA10ED}.Release|Any CPU.ActiveCfg = Release|Any CPU
		{CD904B33-BB5E-45A4-9821-D5D3A0AA10ED}.Release|Any CPU.Build.0 = Release|Any CPU
		{034D25AE-4E57-4E7B-A207-B4B91BA3E932}.Debug|Any CPU.ActiveCfg = Debug|Any CPU
		{034D25AE-4E57-4E7B-A207-B4B91BA3E932}.Debug|Any CPU.Build.0 = Debug|Any CPU
		{034D25AE-4E57-4E7B-A207-B4B91BA3E932}.Release|Any CPU.ActiveCfg = Release|Any CPU
		{034D25AE-4E57-4E7B-A207-B4B91BA3E932}.Release|Any CPU.Build.0 = Release|Any CPU
		{C19E36AD-DEA2-4074-9262-DF3AFE5A634E}.Debug|Any CPU.ActiveCfg = Debug|Any CPU
		{C19E36AD-DEA2-4074-9262-DF3AFE5A634E}.Debug|Any CPU.Build.0 = Debug|Any CPU
		{C19E36AD-DEA2-4074-9262-DF3AFE5A634E}.Release|Any CPU.ActiveCfg = Release|Any CPU
		{C19E36AD-DEA2-4074-9262-DF3AFE5A634E}.Release|Any CPU.Build.0 = Release|Any CPU
	EndGlobalSection
	GlobalSection(SolutionProperties) = preSolution
		HideSolutionNode = FALSE
	EndGlobalSection
	GlobalSection(NestedProjects) = preSolution
		{C19E36AD-DEA2-4074-9262-DF3AFE5A634E} = {AC485C9A-94FD-4EA9-96CF-ABAA642A8C54}
	EndGlobalSection
	GlobalSection(ExtensibilityGlobals) = postSolution
		SolutionGuid = {1985BABF-46EF-4492-9558-5DAE48DC1FBA}
	EndGlobalSection
EndGlobal
